
Microsoft Visual Studio Solution File, Format Version 12.00
# Visual Studio Version 17
VisualStudioVersion = 17.4.33205.214
MinimumVisualStudioVersion = 10.0.40219.1
Project("{9A19103F-16F7-4668-BE54-9A1E7A4F7556}") = "Wiki.App", "Wiki.App\Wiki.App.csproj", "{02C44209-4077-455D-A28C-54F0259BAD7C}"
EndProject
Project("{9A19103F-16F7-4668-BE54-9A1E7A4F7556}") = "Wiki.Api", "Wiki.Api\Wiki.Api.csproj", "{3243A9D1-4C38-4BB8-A887-73CD294FD67B}"
EndProject
Project("{9A19103F-16F7-4668-BE54-9A1E7A4F7556}") = "Wiki.Azure.Api", "Wiki.Azure.Api\Wiki.Azure.Api.csproj", "{D922EF67-1828-4500-8515-A77F51F74C43}"
EndProject
Project("{FAE04EC0-301F-11D3-BF4B-00C04F79EFBC}") = "Wiki.Shared", "Wiki.Shared\Wiki.Shared.csproj", "{2E332F5B-44A0-463F-BB2B-D44D734252A8}"
EndProject
Global
	GlobalSection(SolutionConfigurationPlatforms) = preSolution
		Debug|Any CPU = Debug|Any CPU
		Release|Any CPU = Release|Any CPU
	EndGlobalSection
	GlobalSection(ProjectConfigurationPlatforms) = postSolution
		{02C44209-4077-455D-A28C-54F0259BAD7C}.Debug|Any CPU.ActiveCfg = Debug|Any CPU
		{02C44209-4077-455D-A28C-54F0259BAD7C}.Debug|Any CPU.Build.0 = Debug|Any CPU
		{02C44209-4077-455D-A28C-54F0259BAD7C}.Release|Any CPU.ActiveCfg = Release|Any CPU
		{02C44209-4077-455D-A28C-54F0259BAD7C}.Release|Any CPU.Build.0 = Release|Any CPU
		{3243A9D1-4C38-4BB8-A887-73CD294FD67B}.Debug|Any CPU.ActiveCfg = Debug|Any CPU
		{3243A9D1-4C38-4BB8-A887-73CD294FD67B}.Debug|Any CPU.Build.0 = Debug|Any CPU
		{3243A9D1-4C38-4BB8-A887-73CD294FD67B}.Release|Any CPU.ActiveCfg = Release|Any CPU
		{3243A9D1-4C38-4BB8-A887-73CD294FD67B}.Release|Any CPU.Build.0 = Release|Any CPU
		{D922EF67-1828-4500-8515-A77F51F74C43}.Debug|Any CPU.ActiveCfg = Debug|Any CPU
		{D922EF67-1828-4500-8515-A77F51F74C43}.Debug|Any CPU.Build.0 = Debug|Any CPU
		{D922EF67-1828-4500-8515-A77F51F74C43}.Release|Any CPU.ActiveCfg = Release|Any CPU
		{D922EF67-1828-4500-8515-A77F51F74C43}.Release|Any CPU.Build.0 = Release|Any CPU
		{2E332F5B-44A0-463F-BB2B-D44D734252A8}.Debug|Any CPU.ActiveCfg = Debug|Any CPU
		{2E332F5B-44A0-463F-BB2B-D44D734252A8}.Debug|Any CPU.Build.0 = Debug|Any CPU
		{2E332F5B-44A0-463F-BB2B-D44D734252A8}.Release|Any CPU.ActiveCfg = Release|Any CPU
		{2E332F5B-44A0-463F-BB2B-D44D734252A8}.Release|Any CPU.Build.0 = Release|Any CPU
	EndGlobalSection
	GlobalSection(SolutionProperties) = preSolution
		HideSolutionNode = FALSE
	EndGlobalSection
	GlobalSection(ExtensibilityGlobals) = postSolution
		SolutionGuid = {401A9CFF-A6CA-4F06-B13E-B5A5D3102BC7}
	EndGlobalSection
EndGlobal
